// !$*UTF8*$!
{
	archiveVersion = 1;
	classes = {
	};
	objectVersion = 55;
	objects = {

/* Begin PBXBuildFile section */
		D41CBC9628608231001337B8 /* AppDelegate.swift in Sources */ = {isa = PBXBuildFile; fileRef = D41CBC9528608231001337B8 /* AppDelegate.swift */; };
		D41CBC9828608231001337B8 /* SceneDelegate.swift in Sources */ = {isa = PBXBuildFile; fileRef = D41CBC9728608231001337B8 /* SceneDelegate.swift */; };
		D41CBC9A28608231001337B8 /* ViewController.swift in Sources */ = {isa = PBXBuildFile; fileRef = D41CBC9928608231001337B8 /* ViewController.swift */; };
		D41CBC9D28608231001337B8 /* Main.storyboard in Resources */ = {isa = PBXBuildFile; fileRef = D41CBC9B28608231001337B8 /* Main.storyboard */; };
		D41CBC9F28608232001337B8 /* Assets.xcassets in Resources */ = {isa = PBXBuildFile; fileRef = D41CBC9E28608232001337B8 /* Assets.xcassets */; };
		D41CBCA228608232001337B8 /* LaunchScreen.storyboard in Resources */ = {isa = PBXBuildFile; fileRef = D41CBCA028608232001337B8 /* LaunchScreen.storyboard */; };
		D41CBCAD28608232001337B8 /* straiberryTests.swift in Sources */ = {isa = PBXBuildFile; fileRef = D41CBCAC28608232001337B8 /* straiberryTests.swift */; };
		D41CBCB728608232001337B8 /* straiberryUITests.swift in Sources */ = {isa = PBXBuildFile; fileRef = D41CBCB628608232001337B8 /* straiberryUITests.swift */; };
		D41CBCB928608232001337B8 /* straiberryUITestsLaunchTests.swift in Sources */ = {isa = PBXBuildFile; fileRef = D41CBCB828608232001337B8 /* straiberryUITestsLaunchTests.swift */; };
/* End PBXBuildFile section */

/* Begin PBXContainerItemProxy section */
		D41CBCA928608232001337B8 /* PBXContainerItemProxy */ = {
			isa = PBXContainerItemProxy;
			containerPortal = D41CBC8A28608231001337B8 /* Project object */;
			proxyType = 1;
			remoteGlobalIDString = D41CBC9128608231001337B8;
			remoteInfo = straiberry;
		};
		D41CBCB328608232001337B8 /* PBXContainerItemProxy */ = {
			isa = PBXContainerItemProxy;
			containerPortal = D41CBC8A28608231001337B8 /* Project object */;
			proxyType = 1;
			remoteGlobalIDString = D41CBC9128608231001337B8;
			remoteInfo = straiberry;
		};
/* End PBXContainerItemProxy section */

/* Begin PBXFileReference section */
		D41CBC9228608231001337B8 /* straiberry.app */ = {isa = PBXFileReference; explicitFileType = wrapper.application; includeInIndex = 0; path = straiberry.app; sourceTree = BUILT_PRODUCTS_DIR; };
		D41CBC9528608231001337B8 /* AppDelegate.swift */ = {isa = PBXFileReference; lastKnownFileType = sourcecode.swift; path = AppDelegate.swift; sourceTree = "<group>"; };
		D41CBC9728608231001337B8 /* SceneDelegate.swift */ = {isa = PBXFileReference; lastKnownFileType = sourcecode.swift; path = SceneDelegate.swift; sourceTree = "<group>"; };
		D41CBC9928608231001337B8 /* ViewController.swift */ = {isa = PBXFileReference; lastKnownFileType = sourcecode.swift; path = ViewController.swift; sourceTree = "<group>"; };
		D41CBC9C28608231001337B8 /* Base */ = {isa = PBXFileReference; lastKnownFileType = file.storyboard; name = Base; path = Base.lproj/Main.storyboard; sourceTree = "<group>"; };
		D41CBC9E28608232001337B8 /* Assets.xcassets */ = {isa = PBXFileReference; lastKnownFileType = folder.assetcatalog; path = Assets.xcassets; sourceTree = "<group>"; };
		D41CBCA128608232001337B8 /* Base */ = {isa = PBXFileReference; lastKnownFileType = file.storyboard; name = Base; path = Base.lproj/LaunchScreen.storyboard; sourceTree = "<group>"; };
		D41CBCA328608232001337B8 /* Info.plist */ = {isa = PBXFileReference; lastKnownFileType = text.plist.xml; path = Info.plist; sourceTree = "<group>"; };
		D41CBCA828608232001337B8 /* straiberryTests.xctest */ = {isa = PBXFileReference; explicitFileType = wrapper.cfbundle; includeInIndex = 0; path = straiberryTests.xctest; sourceTree = BUILT_PRODUCTS_DIR; };
		D41CBCAC28608232001337B8 /* straiberryTests.swift */ = {isa = PBXFileReference; lastKnownFileType = sourcecode.swift; path = straiberryTests.swift; sourceTree = "<group>"; };
		D41CBCB228608232001337B8 /* straiberryUITests.xctest */ = {isa = PBXFileReference; explicitFileType = wrapper.cfbundle; includeInIndex = 0; path = straiberryUITests.xctest; sourceTree = BUILT_PRODUCTS_DIR; };
		D41CBCB628608232001337B8 /* straiberryUITests.swift */ = {isa = PBXFileReference; lastKnownFileType = sourcecode.swift; path = straiberryUITests.swift; sourceTree = "<group>"; };
		D41CBCB828608232001337B8 /* straiberryUITestsLaunchTests.swift */ = {isa = PBXFileReference; lastKnownFileType = sourcecode.swift; path = straiberryUITestsLaunchTests.swift; sourceTree = "<group>"; };
/* End PBXFileReference section */

/* Begin PBXFrameworksBuildPhase section */
		D41CBC8F28608231001337B8 /* Frameworks */ = {
			isa = PBXFrameworksBuildPhase;
			buildActionMask = 2147483647;
			files = (
			);
			runOnlyForDeploymentPostprocessing = 0;
		};
		D41CBCA528608232001337B8 /* Frameworks */ = {
			isa = PBXFrameworksBuildPhase;
			buildActionMask = 2147483647;
			files = (
			);
			runOnlyForDeploymentPostprocessing = 0;
		};
		D41CBCAF28608232001337B8 /* Frameworks */ = {
			isa = PBXFrameworksBuildPhase;
			buildActionMask = 2147483647;
			files = (
			);
			runOnlyForDeploymentPostprocessing = 0;
		};
/* End PBXFrameworksBuildPhase section */

/* Begin PBXGroup section */
		D41CBC8928608231001337B8 = {
			isa = PBXGroup;
			children = (
				D41CBC9428608231001337B8 /* straiberry */,
				D41CBCAB28608232001337B8 /* straiberryTests */,
				D41CBCB528608232001337B8 /* straiberryUITests */,
				D41CBC9328608231001337B8 /* Products */,
			);
			sourceTree = "<group>";
		};
		D41CBC9328608231001337B8 /* Products */ = {
			isa = PBXGroup;
			children = (
				D41CBC9228608231001337B8 /* straiberry.app */,
				D41CBCA828608232001337B8 /* straiberryTests.xctest */,
				D41CBCB228608232001337B8 /* straiberryUITests.xctest */,
			);
			name = Products;
			sourceTree = "<group>";
		};
		D41CBC9428608231001337B8 /* straiberry */ = {
			isa = PBXGroup;
			children = (
				D41CBC9528608231001337B8 /* AppDelegate.swift */,
				D41CBC9728608231001337B8 /* SceneDelegate.swift */,
				D41CBC9928608231001337B8 /* ViewController.swift */,
				D41CBC9B28608231001337B8 /* Main.storyboard */,
				D41CBC9E28608232001337B8 /* Assets.xcassets */,
				D41CBCA028608232001337B8 /* LaunchScreen.storyboard */,
				D41CBCA328608232001337B8 /* Info.plist */,
			);
			path = straiberry;
			sourceTree = "<group>";
		};
		D41CBCAB28608232001337B8 /* straiberryTests */ = {
			isa = PBXGroup;
			children = (
				D41CBCAC28608232001337B8 /* straiberryTests.swift */,
			);
			path = straiberryTests;
			sourceTree = "<group>";
		};
		D41CBCB528608232001337B8 /* straiberryUITests */ = {
			isa = PBXGroup;
			children = (
				D41CBCB628608232001337B8 /* straiberryUITests.swift */,
				D41CBCB828608232001337B8 /* straiberryUITestsLaunchTests.swift */,
			);
			path = straiberryUITests;
			sourceTree = "<group>";
		};
/* End PBXGroup section */

/* Begin PBXNativeTarget section */
		D41CBC9128608231001337B8 /* straiberry */ = {
			isa = PBXNativeTarget;
			buildConfigurationList = D41CBCBC28608232001337B8 /* Build configuration list for PBXNativeTarget "straiberry" */;
			buildPhases = (
				D41CBC8E28608231001337B8 /* Sources */,
				D41CBC8F28608231001337B8 /* Frameworks */,
				D41CBC9028608231001337B8 /* Resources */,
			);
			buildRules = (
			);
			dependencies = (
			);
			name = straiberry;
			productName = straiberry;
			productReference = D41CBC9228608231001337B8 /* straiberry.app */;
			productType = "com.apple.product-type.application";
		};
		D41CBCA728608232001337B8 /* straiberryTests */ = {
			isa = PBXNativeTarget;
			buildConfigurationList = D41CBCBF28608232001337B8 /* Build configuration list for PBXNativeTarget "straiberryTests" */;
			buildPhases = (
				D41CBCA428608232001337B8 /* Sources */,
				D41CBCA528608232001337B8 /* Frameworks */,
				D41CBCA628608232001337B8 /* Resources */,
			);
			buildRules = (
			);
			dependencies = (
				D41CBCAA28608232001337B8 /* PBXTargetDependency */,
			);
			name = straiberryTests;
			productName = straiberryTests;
			productReference = D41CBCA828608232001337B8 /* straiberryTests.xctest */;
			productType = "com.apple.product-type.bundle.unit-test";
		};
		D41CBCB128608232001337B8 /* straiberryUITests */ = {
			isa = PBXNativeTarget;
			buildConfigurationList = D41CBCC228608232001337B8 /* Build configuration list for PBXNativeTarget "straiberryUITests" */;
			buildPhases = (
				D41CBCAE28608232001337B8 /* Sources */,
				D41CBCAF28608232001337B8 /* Frameworks */,
				D41CBCB028608232001337B8 /* Resources */,
			);
			buildRules = (
			);
			dependencies = (
				D41CBCB428608232001337B8 /* PBXTargetDependency */,
			);
			name = straiberryUITests;
			productName = straiberryUITests;
			productReference = D41CBCB228608232001337B8 /* straiberryUITests.xctest */;
			productType = "com.apple.product-type.bundle.ui-testing";
		};
/* End PBXNativeTarget section */

/* Begin PBXProject section */
		D41CBC8A28608231001337B8 /* Project object */ = {
			isa = PBXProject;
			attributes = {
				BuildIndependentTargetsInParallel = 1;
				LastSwiftUpdateCheck = 1330;
				LastUpgradeCheck = 1330;
				TargetAttributes = {
					D41CBC9128608231001337B8 = {
						CreatedOnToolsVersion = 13.3.1;
					};
					D41CBCA728608232001337B8 = {
						CreatedOnToolsVersion = 13.3.1;
						TestTargetID = D41CBC9128608231001337B8;
					};
					D41CBCB128608232001337B8 = {
						CreatedOnToolsVersion = 13.3.1;
						TestTargetID = D41CBC9128608231001337B8;
					};
				};
			};
			buildConfigurationList = D41CBC8D28608231001337B8 /* Build configuration list for PBXProject "straiberry" */;
			compatibilityVersion = "Xcode 13.0";
			developmentRegion = en;
			hasScannedForEncodings = 0;
			knownRegions = (
				en,
				Base,
			);
			mainGroup = D41CBC8928608231001337B8;
			productRefGroup = D41CBC9328608231001337B8 /* Products */;
			projectDirPath = "";
			projectRoot = "";
			targets = (
				D41CBC9128608231001337B8 /* straiberry */,
				D41CBCA728608232001337B8 /* straiberryTests */,
				D41CBCB128608232001337B8 /* straiberryUITests */,
			);
		};
/* End PBXProject section */

/* Begin PBXResourcesBuildPhase section */
		D41CBC9028608231001337B8 /* Resources */ = {
			isa = PBXResourcesBuildPhase;
			buildActionMask = 2147483647;
			files = (
				D41CBCA228608232001337B8 /* LaunchScreen.storyboard in Resources */,
				D41CBC9F28608232001337B8 /* Assets.xcassets in Resources */,
				D41CBC9D28608231001337B8 /* Main.storyboard in Resources */,
			);
			runOnlyForDeploymentPostprocessing = 0;
		};
		D41CBCA628608232001337B8 /* Resources */ = {
			isa = PBXResourcesBuildPhase;
			buildActionMask = 2147483647;
			files = (
			);
			runOnlyForDeploymentPostprocessing = 0;
		};
		D41CBCB028608232001337B8 /* Resources */ = {
			isa = PBXResourcesBuildPhase;
			buildActionMask = 2147483647;
			files = (
			);
			runOnlyForDeploymentPostprocessing = 0;
		};
/* End PBXResourcesBuildPhase section */

/* Begin PBXSourcesBuildPhase section */
		D41CBC8E28608231001337B8 /* Sources */ = {
			isa = PBXSourcesBuildPhase;
			buildActionMask = 2147483647;
			files = (
				D41CBC9A28608231001337B8 /* ViewController.swift in Sources */,
				D41CBC9628608231001337B8 /* AppDelegate.swift in Sources */,
				D41CBC9828608231001337B8 /* SceneDelegate.swift in Sources */,
			);
			runOnlyForDeploymentPostprocessing = 0;
		};
		D41CBCA428608232001337B8 /* Sources */ = {
			isa = PBXSourcesBuildPhase;
			buildActionMask = 2147483647;
			files = (
				D41CBCAD28608232001337B8 /* straiberryTests.swift in Sources */,
			);
			runOnlyForDeploymentPostprocessing = 0;
		};
		D41CBCAE28608232001337B8 /* Sources */ = {
			isa = PBXSourcesBuildPhase;
			buildActionMask = 2147483647;
			files = (
				D41CBCB728608232001337B8 /* straiberryUITests.swift in Sources */,
				D41CBCB928608232001337B8 /* straiberryUITestsLaunchTests.swift in Sources */,
			);
			runOnlyForDeploymentPostprocessing = 0;
		};
/* End PBXSourcesBuildPhase section */

/* Begin PBXTargetDependency section */
		D41CBCAA28608232001337B8 /* PBXTargetDependency */ = {
			isa = PBXTargetDependency;
			target = D41CBC9128608231001337B8 /* straiberry */;
			targetProxy = D41CBCA928608232001337B8 /* PBXContainerItemProxy */;
		};
		D41CBCB428608232001337B8 /* PBXTargetDependency */ = {
			isa = PBXTargetDependency;
			target = D41CBC9128608231001337B8 /* straiberry */;
			targetProxy = D41CBCB328608232001337B8 /* PBXContainerItemProxy */;
		};
/* End PBXTargetDependency section */

/* Begin PBXVariantGroup section */
		D41CBC9B28608231001337B8 /* Main.storyboard */ = {
			isa = PBXVariantGroup;
			children = (
				D41CBC9C28608231001337B8 /* Base */,
			);
			name = Main.storyboard;
			sourceTree = "<group>";
		};
		D41CBCA028608232001337B8 /* LaunchScreen.storyboard */ = {
			isa = PBXVariantGroup;
			children = (
				D41CBCA128608232001337B8 /* Base */,
			);
			name = LaunchScreen.storyboard;
			sourceTree = "<group>";
		};
/* End PBXVariantGroup section */

/* Begin XCBuildConfiguration section */
		D41CBCBA28608232001337B8 /* Debug */ = {
			isa = XCBuildConfiguration;
			buildSettings = {
				ALWAYS_SEARCH_USER_PATHS = NO;
				CLANG_ANALYZER_NONNULL = YES;
				CLANG_ANALYZER_NUMBER_OBJECT_CONVERSION = YES_AGGRESSIVE;
				CLANG_CXX_LANGUAGE_STANDARD = "gnu++17";
				CLANG_ENABLE_MODULES = YES;
				CLANG_ENABLE_OBJC_ARC = YES;
				CLANG_ENABLE_OBJC_WEAK = YES;
				CLANG_WARN_BLOCK_CAPTURE_AUTORELEASING = YES;
				CLANG_WARN_BOOL_CONVERSION = YES;
				CLANG_WARN_COMMA = YES;
				CLANG_WARN_CONSTANT_CONVERSION = YES;
				CLANG_WARN_DEPRECATED_OBJC_IMPLEMENTATIONS = YES;
				CLANG_WARN_DIRECT_OBJC_ISA_USAGE = YES_ERROR;
				CLANG_WARN_DOCUMENTATION_COMMENTS = YES;
				CLANG_WARN_EMPTY_BODY = YES;
				CLANG_WARN_ENUM_CONVERSION = YES;
				CLANG_WARN_INFINITE_RECURSION = YES;
				CLANG_WARN_INT_CONVERSION = YES;
				CLANG_WARN_NON_LITERAL_NULL_CONVERSION = YES;
				CLANG_WARN_OBJC_IMPLICIT_RETAIN_SELF = YES;
				CLANG_WARN_OBJC_LITERAL_CONVERSION = YES;
				CLANG_WARN_OBJC_ROOT_CLASS = YES_ERROR;
				CLANG_WARN_QUOTED_INCLUDE_IN_FRAMEWORK_HEADER = YES;
				CLANG_WARN_RANGE_LOOP_ANALYSIS = YES;
				CLANG_WARN_STRICT_PROTOTYPES = YES;
				CLANG_WARN_SUSPICIOUS_MOVE = YES;
				CLANG_WARN_UNGUARDED_AVAILABILITY = YES_AGGRESSIVE;
				CLANG_WARN_UNREACHABLE_CODE = YES;
				CLANG_WARN__DUPLICATE_METHOD_MATCH = YES;
				COPY_PHASE_STRIP = NO;
				DEBUG_INFORMATION_FORMAT = dwarf;
				ENABLE_STRICT_OBJC_MSGSEND = YES;
				ENABLE_TESTABILITY = YES;
				GCC_C_LANGUAGE_STANDARD = gnu11;
				GCC_DYNAMIC_NO_PIC = NO;
				GCC_NO_COMMON_BLOCKS = YES;
				GCC_OPTIMIZATION_LEVEL = 0;
				GCC_PREPROCESSOR_DEFINITIONS = (
					"DEBUG=1",
					"$(inherited)",
				);
				GCC_WARN_64_TO_32_BIT_CONVERSION = YES;
				GCC_WARN_ABOUT_RETURN_TYPE = YES_ERROR;
				GCC_WARN_UNDECLARED_SELECTOR = YES;
				GCC_WARN_UNINITIALIZED_AUTOS = YES_AGGRESSIVE;
				GCC_WARN_UNUSED_FUNCTION = YES;
				GCC_WARN_UNUSED_VARIABLE = YES;
				IPHONEOS_DEPLOYMENT_TARGET = 15.4;
				MTL_ENABLE_DEBUG_INFO = INCLUDE_SOURCE;
				MTL_FAST_MATH = YES;
				ONLY_ACTIVE_ARCH = YES;
				SDKROOT = iphoneos;
				SWIFT_ACTIVE_COMPILATION_CONDITIONS = DEBUG;
				SWIFT_OPTIMIZATION_LEVEL = "-Onone";
			};
			name = Debug;
		};
		D41CBCBB28608232001337B8 /* Release */ = {
			isa = XCBuildConfiguration;
			buildSettings = {
				ALWAYS_SEARCH_USER_PATHS = NO;
				CLANG_ANALYZER_NONNULL = YES;
				CLANG_ANALYZER_NUMBER_OBJECT_CONVERSION = YES_AGGRESSIVE;
				CLANG_CXX_LANGUAGE_STANDARD = "gnu++17";
				CLANG_ENABLE_MODULES = YES;
				CLANG_ENABLE_OBJC_ARC = YES;
				CLANG_ENABLE_OBJC_WEAK = YES;
				CLANG_WARN_BLOCK_CAPTURE_AUTORELEASING = YES;
				CLANG_WARN_BOOL_CONVERSION = YES;
				CLANG_WARN_COMMA = YES;
				CLANG_WARN_CONSTANT_CONVERSION = YES;
				CLANG_WARN_DEPRECATED_OBJC_IMPLEMENTATIONS = YES;
				CLANG_WARN_DIRECT_OBJC_ISA_USAGE = YES_ERROR;
				CLANG_WARN_DOCUMENTATION_COMMENTS = YES;
				CLANG_WARN_EMPTY_BODY = YES;
				CLANG_WARN_ENUM_CONVERSION = YES;
				CLANG_WARN_INFINITE_RECURSION = YES;
				CLANG_WARN_INT_CONVERSION = YES;
				CLANG_WARN_NON_LITERAL_NULL_CONVERSION = YES;
				CLANG_WARN_OBJC_IMPLICIT_RETAIN_SELF = YES;
				CLANG_WARN_OBJC_LITERAL_CONVERSION = YES;
				CLANG_WARN_OBJC_ROOT_CLASS = YES_ERROR;
				CLANG_WARN_QUOTED_INCLUDE_IN_FRAMEWORK_HEADER = YES;
				CLANG_WARN_RANGE_LOOP_ANALYSIS = YES;
				CLANG_WARN_STRICT_PROTOTYPES = YES;
				CLANG_WARN_SUSPICIOUS_MOVE = YES;
				CLANG_WARN_UNGUARDED_AVAILABILITY = YES_AGGRESSIVE;
				CLANG_WARN_UNREACHABLE_CODE = YES;
				CLANG_WARN__DUPLICATE_METHOD_MATCH = YES;
				COPY_PHASE_STRIP = NO;
				DEBUG_INFORMATION_FORMAT = "dwarf-with-dsym";
				ENABLE_NS_ASSERTIONS = NO;
				ENABLE_STRICT_OBJC_MSGSEND = YES;
				GCC_C_LANGUAGE_STANDARD = gnu11;
				GCC_NO_COMMON_BLOCKS = YES;
				GCC_WARN_64_TO_32_BIT_CONVERSION = YES;
				GCC_WARN_ABOUT_RETURN_TYPE = YES_ERROR;
				GCC_WARN_UNDECLARED_SELECTOR = YES;
				GCC_WARN_UNINITIALIZED_AUTOS = YES_AGGRESSIVE;
				GCC_WARN_UNUSED_FUNCTION = YES;
				GCC_WARN_UNUSED_VARIABLE = YES;
				IPHONEOS_DEPLOYMENT_TARGET = 15.4;
				MTL_ENABLE_DEBUG_INFO = NO;
				MTL_FAST_MATH = YES;
				SDKROOT = iphoneos;
				SWIFT_COMPILATION_MODE = wholemodule;
				SWIFT_OPTIMIZATION_LEVEL = "-O";
				VALIDATE_PRODUCT = YES;
			};
			name = Release;
		};
		D41CBCBD28608232001337B8 /* Debug */ = {
			isa = XCBuildConfiguration;
			buildSettings = {
				ASSETCATALOG_COMPILER_APPICON_NAME = AppIcon;
				ASSETCATALOG_COMPILER_GLOBAL_ACCENT_COLOR_NAME = AccentColor;
				CODE_SIGN_STYLE = Automatic;
				CURRENT_PROJECT_VERSION = 1;
				DEVELOPMENT_TEAM = P8BYSYKW73;
				GENERATE_INFOPLIST_FILE = YES;
				INFOPLIST_FILE = straiberry/Info.plist;
				INFOPLIST_KEY_UIApplicationSupportsIndirectInputEvents = YES;
				INFOPLIST_KEY_UILaunchStoryboardName = LaunchScreen;
				INFOPLIST_KEY_UIMainStoryboardFile = Main;
				INFOPLIST_KEY_UISupportedInterfaceOrientations_iPad = "UIInterfaceOrientationPortrait UIInterfaceOrientationPortraitUpsideDown UIInterfaceOrientationLandscapeLeft UIInterfaceOrientationLandscapeRight";
				INFOPLIST_KEY_UISupportedInterfaceOrientations_iPhone = "UIInterfaceOrientationPortrait UIInterfaceOrientationLandscapeLeft UIInterfaceOrientationLandscapeRight";
				LD_RUNPATH_SEARCH_PATHS = (
					"$(inherited)",
					"@executable_path/Frameworks",
				);
				MARKETING_VERSION = 1.0;
				PRODUCT_BUNDLE_IDENTIFIER = com.codelab.straiberry;
				PRODUCT_NAME = "$(TARGET_NAME)";
				SWIFT_EMIT_LOC_STRINGS = YES;
				SWIFT_VERSION = 5.0;
				TARGETED_DEVICE_FAMILY = "1,2";
			};
			name = Debug;
		};
		D41CBCBE28608232001337B8 /* Release */ = {
			isa = XCBuildConfiguration;
			buildSettings = {
				ASSETCATALOG_COMPILER_APPICON_NAME = AppIcon;
				ASSETCATALOG_COMPILER_GLOBAL_ACCENT_COLOR_NAME = AccentColor;
				CODE_SIGN_STYLE = Automatic;
				CURRENT_PROJECT_VERSION = 1;
				DEVELOPMENT_TEAM = P8BYSYKW73;
				GENERATE_INFOPLIST_FILE = YES;
				INFOPLIST_FILE = straiberry/Info.plist;
				INFOPLIST_KEY_UIApplicationSupportsIndirectInputEvents = YES;
				INFOPLIST_KEY_UILaunchStoryboardName = LaunchScreen;
				INFOPLIST_KEY_UIMainStoryboardFile = Main;
				INFOPLIST_KEY_UISupportedInterfaceOrientations_iPad = "UIInterfaceOrientationPortrait UIInterfaceOrientationPortraitUpsideDown UIInterfaceOrientationLandscapeLeft UIInterfaceOrientationLandscapeRight";
				INFOPLIST_KEY_UISupportedInterfaceOrientations_iPhone = "UIInterfaceOrientationPortrait UIInterfaceOrientationLandscapeLeft UIInterfaceOrientationLandscapeRight";
				LD_RUNPATH_SEARCH_PATHS = (
					"$(inherited)",
					"@executable_path/Frameworks",
				);
				MARKETING_VERSION = 1.0;
				PRODUCT_BUNDLE_IDENTIFIER = com.codelab.straiberry;
				PRODUCT_NAME = "$(TARGET_NAME)";
				SWIFT_EMIT_LOC_STRINGS = YES;
				SWIFT_VERSION = 5.0;
				TARGETED_DEVICE_FAMILY = "1,2";
			};
			name = Release;
		};
		D41CBCC028608232001337B8 /* Debug */ = {
			isa = XCBuildConfiguration;
			buildSettings = {
				ALWAYS_EMBED_SWIFT_STANDARD_LIBRARIES = YES;
				BUNDLE_LOADER = "$(TEST_HOST)";
				CODE_SIGN_STYLE = Automatic;
				CURRENT_PROJECT_VERSION = 1;
				DEVELOPMENT_TEAM = P8BYSYKW73;
				GENERATE_INFOPLIST_FILE = YES;
				IPHONEOS_DEPLOYMENT_TARGET = 15.4;
				MARKETING_VERSION = 1.0;
				PRODUCT_BUNDLE_IDENTIFIER = com.codelab.straiberryTests;
				PRODUCT_NAME = "$(TARGET_NAME)";
				SWIFT_EMIT_LOC_STRINGS = NO;
				SWIFT_VERSION = 5.0;
				TARGETED_DEVICE_FAMILY = "1,2";
				TEST_HOST = "$(BUILT_PRODUCTS_DIR)/straiberry.app/straiberry";
			};
			name = Debug;
		};
		D41CBCC128608232001337B8 /* Release */ = {
			isa = XCBuildConfiguration;
			buildSettings = {
				ALWAYS_EMBED_SWIFT_STANDARD_LIBRARIES = YES;
				BUNDLE_LOADER = "$(TEST_HOST)";
				CODE_SIGN_STYLE = Automatic;
				CURRENT_PROJECT_VERSION = 1;
				DEVELOPMENT_TEAM = P8BYSYKW73;
				GENERATE_INFOPLIST_FILE = YES;
				IPHONEOS_DEPLOYMENT_TARGET = 15.4;
				MARKETING_VERSION = 1.0;
				PRODUCT_BUNDLE_IDENTIFIER = com.codelab.straiberryTests;
				PRODUCT_NAME = "$(TARGET_NAME)";
				SWIFT_EMIT_LOC_STRINGS = NO;
				SWIFT_VERSION = 5.0;
				TARGETED_DEVICE_FAMILY = "1,2";
				TEST_HOST = "$(BUILT_PRODUCTS_DIR)/straiberry.app/straiberry";
			};
			name = Release;
		};
		D41CBCC328608232001337B8 /* Debug */ = {
			isa = XCBuildConfiguration;
			buildSettings = {
				ALWAYS_EMBED_SWIFT_STANDARD_LIBRARIES = YES;
				CODE_SIGN_STYLE = Automatic;
				CURRENT_PROJECT_VERSION = 1;
				DEVELOPMENT_TEAM = P8BYSYKW73;
				GENERATE_INFOPLIST_FILE = YES;
				MARKETING_VERSION = 1.0;
				PRODUCT_BUNDLE_IDENTIFIER = com.codelab.straiberryUITests;
				PRODUCT_NAME = "$(TARGET_NAME)";
				SWIFT_EMIT_LOC_STRINGS = NO;
				SWIFT_VERSION = 5.0;
				TARGETED_DEVICE_FAMILY = "1,2";
				TEST_TARGET_NAME = straiberry;
			};
			name = Debug;
		};
		D41CBCC428608232001337B8 /* Release */ = {
			isa = XCBuildConfiguration;
			buildSettings = {
				ALWAYS_EMBED_SWIFT_STANDARD_LIBRARIES = YES;
				CODE_SIGN_STYLE = Automatic;
				CURRENT_PROJECT_VERSION = 1;
				DEVELOPMENT_TEAM = P8BYSYKW73;
				GENERATE_INFOPLIST_FILE = YES;
				MARKETING_VERSION = 1.0;
				PRODUCT_BUNDLE_IDENTIFIER = com.codelab.straiberryUITests;
				PRODUCT_NAME = "$(TARGET_NAME)";
				SWIFT_EMIT_LOC_STRINGS = NO;
				SWIFT_VERSION = 5.0;
				TARGETED_DEVICE_FAMILY = "1,2";
				TEST_TARGET_NAME = straiberry;
			};
			name = Release;
		};
/* End XCBuildConfiguration section */

/* Begin XCConfigurationList section */
		D41CBC8D28608231001337B8 /* Build configuration list for PBXProject "straiberry" */ = {
			isa = XCConfigurationList;
			buildConfigurations = (
				D41CBCBA28608232001337B8 /* Debug */,
				D41CBCBB28608232001337B8 /* Release */,
			);
			defaultConfigurationIsVisible = 0;
			defaultConfigurationName = Release;
		};
		D41CBCBC28608232001337B8 /* Build configuration list for PBXNativeTarget "straiberry" */ = {
			isa = XCConfigurationList;
			buildConfigurations = (
				D41CBCBD28608232001337B8 /* Debug */,
				D41CBCBE28608232001337B8 /* Release */,
			);
			defaultConfigurationIsVisible = 0;
			defaultConfigurationName = Release;
		};
		D41CBCBF28608232001337B8 /* Build configuration list for PBXNativeTarget "straiberryTests" */ = {
			isa = XCConfigurationList;
			buildConfigurations = (
				D41CBCC028608232001337B8 /* Debug */,
				D41CBCC128608232001337B8 /* Release */,
			);
			defaultConfigurationIsVisible = 0;
			defaultConfigurationName = Release;
		};
		D41CBCC228608232001337B8 /* Build configuration list for PBXNativeTarget "straiberryUITests" */ = {
			isa = XCConfigurationList;
			buildConfigurations = (
				D41CBCC328608232001337B8 /* Debug */,
				D41CBCC428608232001337B8 /* Release */,
			);
			defaultConfigurationIsVisible = 0;
			defaultConfigurationName = Release;
		};
/* End XCConfigurationList section */
	};
	rootObject = D41CBC8A28608231001337B8 /* Project object */;
}
