// !$*UTF8*$!
{
	archiveVersion = 1;
	classes = {
	};
	objectVersion = 55;
	objects = {

/* Begin PBXBuildFile section */
		4C0D3DC7AC7AAA4205985035 /* Pods_straiberry.framework in Frameworks */ = {isa = PBXBuildFile; fileRef = E2DB62BDDBAC8251BA9E67B2 /* Pods_straiberry.framework */; };
		714FDFAA32F8E87C6C343729 /* Pods_straiberry_straiberryUITests.framework in Frameworks */ = {isa = PBXBuildFile; fileRef = FFAF80BD4BB10DF9DE0A23FB /* Pods_straiberry_straiberryUITests.framework */; };
		B0CC0FA96F7413BEBAC62C67 /* Pods_straiberryTests.framework in Frameworks */ = {isa = PBXBuildFile; fileRef = EE768116EB298F9F854866F4 /* Pods_straiberryTests.framework */; };
		D41CBC9628608231001337B8 /* AppDelegate.swift in Sources */ = {isa = PBXBuildFile; fileRef = D41CBC9528608231001337B8 /* AppDelegate.swift */; };
		D41CBC9828608231001337B8 /* SceneDelegate.swift in Sources */ = {isa = PBXBuildFile; fileRef = D41CBC9728608231001337B8 /* SceneDelegate.swift */; };
		D41CBC9F28608232001337B8 /* Assets.xcassets in Resources */ = {isa = PBXBuildFile; fileRef = D41CBC9E28608232001337B8 /* Assets.xcassets */; };
		D41CBCA228608232001337B8 /* LaunchScreen.storyboard in Resources */ = {isa = PBXBuildFile; fileRef = D41CBCA028608232001337B8 /* LaunchScreen.storyboard */; };
		D41CBCAD28608232001337B8 /* straiberryTests.swift in Sources */ = {isa = PBXBuildFile; fileRef = D41CBCAC28608232001337B8 /* straiberryTests.swift */; };
		D41CBCB728608232001337B8 /* straiberryUITests.swift in Sources */ = {isa = PBXBuildFile; fileRef = D41CBCB628608232001337B8 /* straiberryUITests.swift */; };
		D41CBCB928608232001337B8 /* straiberryUITestsLaunchTests.swift in Sources */ = {isa = PBXBuildFile; fileRef = D41CBCB828608232001337B8 /* straiberryUITestsLaunchTests.swift */; };
		D41CBCC82860B185001337B8 /* Coordinator.swift in Sources */ = {isa = PBXBuildFile; fileRef = D41CBCC72860B185001337B8 /* Coordinator.swift */; };
		D41CBCCD2860B2EC001337B8 /* AppCoordinator.swift in Sources */ = {isa = PBXBuildFile; fileRef = D41CBCCC2860B2EC001337B8 /* AppCoordinator.swift */; };
		D41CBCD12860B359001337B8 /* HomeCoordinator.swift in Sources */ = {isa = PBXBuildFile; fileRef = D41CBCD02860B359001337B8 /* HomeCoordinator.swift */; };
		D41CBCD32860B438001337B8 /* HomeViewController.swift in Sources */ = {isa = PBXBuildFile; fileRef = D41CBCD22860B438001337B8 /* HomeViewController.swift */; };
		D41CBCD52860B45F001337B8 /* HomeViewModel.swift in Sources */ = {isa = PBXBuildFile; fileRef = D41CBCD42860B45F001337B8 /* HomeViewModel.swift */; };
		D41CBCD82860BA7D001337B8 /* EndpointOption.swift in Sources */ = {isa = PBXBuildFile; fileRef = D41CBCD72860BA7D001337B8 /* EndpointOption.swift */; };
		D41CBCDA2860BAAE001337B8 /* EndpointRoute.swift in Sources */ = {isa = PBXBuildFile; fileRef = D41CBCD92860BAAE001337B8 /* EndpointRoute.swift */; };
		D41CBCDC2860BABF001337B8 /* NetworkManager.swift in Sources */ = {isa = PBXBuildFile; fileRef = D41CBCDB2860BABF001337B8 /* NetworkManager.swift */; };
		D41CBCDF2860E52C001337B8 /* PhotoList.swift in Sources */ = {isa = PBXBuildFile; fileRef = D41CBCDE2860E52C001337B8 /* PhotoList.swift */; };
		D41CBCE22860ED37001337B8 /* FileListView.swift in Sources */ = {isa = PBXBuildFile; fileRef = D41CBCE12860ED37001337B8 /* FileListView.swift */; };
		D41CBCE42860F918001337B8 /* NetworkImageMannager.swift in Sources */ = {isa = PBXBuildFile; fileRef = D41CBCE32860F918001337B8 /* NetworkImageMannager.swift */; };
/* End PBXBuildFile section */

/* Begin PBXContainerItemProxy section */
		D41CBCA928608232001337B8 /* PBXContainerItemProxy */ = {
			isa = PBXContainerItemProxy;
			containerPortal = D41CBC8A28608231001337B8 /* Project object */;
			proxyType = 1;
			remoteGlobalIDString = D41CBC9128608231001337B8;
			remoteInfo = straiberry;
		};
		D41CBCB328608232001337B8 /* PBXContainerItemProxy */ = {
			isa = PBXContainerItemProxy;
			containerPortal = D41CBC8A28608231001337B8 /* Project object */;
			proxyType = 1;
			remoteGlobalIDString = D41CBC9128608231001337B8;
			remoteInfo = straiberry;
		};
/* End PBXContainerItemProxy section */

/* Begin PBXFileReference section */
		059D12E464E5D7D23E6A3759 /* Pods-straiberryTests.debug.xcconfig */ = {isa = PBXFileReference; includeInIndex = 1; lastKnownFileType = text.xcconfig; name = "Pods-straiberryTests.debug.xcconfig"; path = "Target Support Files/Pods-straiberryTests/Pods-straiberryTests.debug.xcconfig"; sourceTree = "<group>"; };
		4AFDDD930976253D21E8A969 /* Pods-straiberry-straiberryUITests.release.xcconfig */ = {isa = PBXFileReference; includeInIndex = 1; lastKnownFileType = text.xcconfig; name = "Pods-straiberry-straiberryUITests.release.xcconfig"; path = "Target Support Files/Pods-straiberry-straiberryUITests/Pods-straiberry-straiberryUITests.release.xcconfig"; sourceTree = "<group>"; };
		6621F519A7B671F52A08234B /* Pods-straiberry.debug.xcconfig */ = {isa = PBXFileReference; includeInIndex = 1; lastKnownFileType = text.xcconfig; name = "Pods-straiberry.debug.xcconfig"; path = "Target Support Files/Pods-straiberry/Pods-straiberry.debug.xcconfig"; sourceTree = "<group>"; };
		A50ED68F20E5680571AE8E01 /* Pods-straiberryTests.release.xcconfig */ = {isa = PBXFileReference; includeInIndex = 1; lastKnownFileType = text.xcconfig; name = "Pods-straiberryTests.release.xcconfig"; path = "Target Support Files/Pods-straiberryTests/Pods-straiberryTests.release.xcconfig"; sourceTree = "<group>"; };
		D41CBC9228608231001337B8 /* straiberry.app */ = {isa = PBXFileReference; explicitFileType = wrapper.application; includeInIndex = 0; path = straiberry.app; sourceTree = BUILT_PRODUCTS_DIR; };
		D41CBC9528608231001337B8 /* AppDelegate.swift */ = {isa = PBXFileReference; lastKnownFileType = sourcecode.swift; path = AppDelegate.swift; sourceTree = "<group>"; };
		D41CBC9728608231001337B8 /* SceneDelegate.swift */ = {isa = PBXFileReference; lastKnownFileType = sourcecode.swift; path = SceneDelegate.swift; sourceTree = "<group>"; };
		D41CBC9E28608232001337B8 /* Assets.xcassets */ = {isa = PBXFileReference; lastKnownFileType = folder.assetcatalog; path = Assets.xcassets; sourceTree = "<group>"; };
		D41CBCA128608232001337B8 /* Base */ = {isa = PBXFileReference; lastKnownFileType = file.storyboard; name = Base; path = Base.lproj/LaunchScreen.storyboard; sourceTree = "<group>"; };
		D41CBCA328608232001337B8 /* Info.plist */ = {isa = PBXFileReference; lastKnownFileType = text.plist.xml; path = Info.plist; sourceTree = "<group>"; };
		D41CBCA828608232001337B8 /* straiberryTests.xctest */ = {isa = PBXFileReference; explicitFileType = wrapper.cfbundle; includeInIndex = 0; path = straiberryTests.xctest; sourceTree = BUILT_PRODUCTS_DIR; };
		D41CBCAC28608232001337B8 /* straiberryTests.swift */ = {isa = PBXFileReference; lastKnownFileType = sourcecode.swift; path = straiberryTests.swift; sourceTree = "<group>"; };
		D41CBCB228608232001337B8 /* straiberryUITests.xctest */ = {isa = PBXFileReference; explicitFileType = wrapper.cfbundle; includeInIndex = 0; path = straiberryUITests.xctest; sourceTree = BUILT_PRODUCTS_DIR; };
		D41CBCB628608232001337B8 /* straiberryUITests.swift */ = {isa = PBXFileReference; lastKnownFileType = sourcecode.swift; path = straiberryUITests.swift; sourceTree = "<group>"; };
		D41CBCB828608232001337B8 /* straiberryUITestsLaunchTests.swift */ = {isa = PBXFileReference; lastKnownFileType = sourcecode.swift; path = straiberryUITestsLaunchTests.swift; sourceTree = "<group>"; };
		D41CBCC72860B185001337B8 /* Coordinator.swift */ = {isa = PBXFileReference; lastKnownFileType = sourcecode.swift; path = Coordinator.swift; sourceTree = "<group>"; };
		D41CBCCC2860B2EC001337B8 /* AppCoordinator.swift */ = {isa = PBXFileReference; lastKnownFileType = sourcecode.swift; path = AppCoordinator.swift; sourceTree = "<group>"; };
		D41CBCD02860B359001337B8 /* HomeCoordinator.swift */ = {isa = PBXFileReference; lastKnownFileType = sourcecode.swift; path = HomeCoordinator.swift; sourceTree = "<group>"; };
		D41CBCD22860B438001337B8 /* HomeViewController.swift */ = {isa = PBXFileReference; lastKnownFileType = sourcecode.swift; path = HomeViewController.swift; sourceTree = "<group>"; };
		D41CBCD42860B45F001337B8 /* HomeViewModel.swift */ = {isa = PBXFileReference; lastKnownFileType = sourcecode.swift; path = HomeViewModel.swift; sourceTree = "<group>"; };
		D41CBCD72860BA7D001337B8 /* EndpointOption.swift */ = {isa = PBXFileReference; lastKnownFileType = sourcecode.swift; path = EndpointOption.swift; sourceTree = "<group>"; };
		D41CBCD92860BAAE001337B8 /* EndpointRoute.swift */ = {isa = PBXFileReference; lastKnownFileType = sourcecode.swift; path = EndpointRoute.swift; sourceTree = "<group>"; };
		D41CBCDB2860BABF001337B8 /* NetworkManager.swift */ = {isa = PBXFileReference; lastKnownFileType = sourcecode.swift; path = NetworkManager.swift; sourceTree = "<group>"; };
		D41CBCDE2860E52C001337B8 /* PhotoList.swift */ = {isa = PBXFileReference; lastKnownFileType = sourcecode.swift; path = PhotoList.swift; sourceTree = "<group>"; };
		D41CBCE12860ED37001337B8 /* FileListView.swift */ = {isa = PBXFileReference; lastKnownFileType = sourcecode.swift; path = FileListView.swift; sourceTree = "<group>"; };
		D41CBCE32860F918001337B8 /* NetworkImageMannager.swift */ = {isa = PBXFileReference; lastKnownFileType = sourcecode.swift; path = NetworkImageMannager.swift; sourceTree = "<group>"; };
		E2DB62BDDBAC8251BA9E67B2 /* Pods_straiberry.framework */ = {isa = PBXFileReference; explicitFileType = wrapper.framework; includeInIndex = 0; path = Pods_straiberry.framework; sourceTree = BUILT_PRODUCTS_DIR; };
		EAE9C8D08C1D2ABDA9C27DDA /* Pods-straiberry.release.xcconfig */ = {isa = PBXFileReference; includeInIndex = 1; lastKnownFileType = text.xcconfig; name = "Pods-straiberry.release.xcconfig"; path = "Target Support Files/Pods-straiberry/Pods-straiberry.release.xcconfig"; sourceTree = "<group>"; };
		EE768116EB298F9F854866F4 /* Pods_straiberryTests.framework */ = {isa = PBXFileReference; explicitFileType = wrapper.framework; includeInIndex = 0; path = Pods_straiberryTests.framework; sourceTree = BUILT_PRODUCTS_DIR; };
		F69F55B7D98E7C72A2E2D4A2 /* Pods-straiberry-straiberryUITests.debug.xcconfig */ = {isa = PBXFileReference; includeInIndex = 1; lastKnownFileType = text.xcconfig; name = "Pods-straiberry-straiberryUITests.debug.xcconfig"; path = "Target Support Files/Pods-straiberry-straiberryUITests/Pods-straiberry-straiberryUITests.debug.xcconfig"; sourceTree = "<group>"; };
		FFAF80BD4BB10DF9DE0A23FB /* Pods_straiberry_straiberryUITests.framework */ = {isa = PBXFileReference; explicitFileType = wrapper.framework; includeInIndex = 0; path = Pods_straiberry_straiberryUITests.framework; sourceTree = BUILT_PRODUCTS_DIR; };
/* End PBXFileReference section */

/* Begin PBXFrameworksBuildPhase section */
		D41CBC8F28608231001337B8 /* Frameworks */ = {
			isa = PBXFrameworksBuildPhase;
			buildActionMask = 2147483647;
			files = (
				4C0D3DC7AC7AAA4205985035 /* Pods_straiberry.framework in Frameworks */,
			);
			runOnlyForDeploymentPostprocessing = 0;
		};
		D41CBCA528608232001337B8 /* Frameworks */ = {
			isa = PBXFrameworksBuildPhase;
			buildActionMask = 2147483647;
			files = (
				B0CC0FA96F7413BEBAC62C67 /* Pods_straiberryTests.framework in Frameworks */,
			);
			runOnlyForDeploymentPostprocessing = 0;
		};
		D41CBCAF28608232001337B8 /* Frameworks */ = {
			isa = PBXFrameworksBuildPhase;
			buildActionMask = 2147483647;
			files = (
				714FDFAA32F8E87C6C343729 /* Pods_straiberry_straiberryUITests.framework in Frameworks */,
			);
			runOnlyForDeploymentPostprocessing = 0;
		};
/* End PBXFrameworksBuildPhase section */

/* Begin PBXGroup section */
		0A1DC2BB3C72C996D6F3CDF6 /* Frameworks */ = {
			isa = PBXGroup;
			children = (
				E2DB62BDDBAC8251BA9E67B2 /* Pods_straiberry.framework */,
				FFAF80BD4BB10DF9DE0A23FB /* Pods_straiberry_straiberryUITests.framework */,
				EE768116EB298F9F854866F4 /* Pods_straiberryTests.framework */,
			);
			name = Frameworks;
			sourceTree = "<group>";
		};
		D41CBC8928608231001337B8 = {
			isa = PBXGroup;
			children = (
				D41CBC9428608231001337B8 /* straiberry */,
				D41CBCAB28608232001337B8 /* straiberryTests */,
				D41CBCB528608232001337B8 /* straiberryUITests */,
				D41CBC9328608231001337B8 /* Products */,
				DCA271A1861D683CA33ED501 /* Pods */,
				0A1DC2BB3C72C996D6F3CDF6 /* Frameworks */,
			);
			sourceTree = "<group>";
		};
		D41CBC9328608231001337B8 /* Products */ = {
			isa = PBXGroup;
			children = (
				D41CBC9228608231001337B8 /* straiberry.app */,
				D41CBCA828608232001337B8 /* straiberryTests.xctest */,
				D41CBCB228608232001337B8 /* straiberryUITests.xctest */,
			);
			name = Products;
			sourceTree = "<group>";
		};
		D41CBC9428608231001337B8 /* straiberry */ = {
			isa = PBXGroup;
			children = (
				D41CBCC92860B2D1001337B8 /* Application */,
				D41CBCC52860B16C001337B8 /* UI */,
				D41CBC9E28608232001337B8 /* Assets.xcassets */,
				D41CBCA028608232001337B8 /* LaunchScreen.storyboard */,
				D41CBCA328608232001337B8 /* Info.plist */,
			);
			path = straiberry;
			sourceTree = "<group>";
		};
		D41CBCAB28608232001337B8 /* straiberryTests */ = {
			isa = PBXGroup;
			children = (
				D41CBCAC28608232001337B8 /* straiberryTests.swift */,
			);
			path = straiberryTests;
			sourceTree = "<group>";
		};
		D41CBCB528608232001337B8 /* straiberryUITests */ = {
			isa = PBXGroup;
			children = (
				D41CBCB628608232001337B8 /* straiberryUITests.swift */,
				D41CBCB828608232001337B8 /* straiberryUITestsLaunchTests.swift */,
			);
			path = straiberryUITests;
			sourceTree = "<group>";
		};
		D41CBCC52860B16C001337B8 /* UI */ = {
			isa = PBXGroup;
			children = (
				D41CBCDD2860E51D001337B8 /* Models */,
				D41CBCCE2860B341001337B8 /* Sence */,
				D41CBCC62860B17A001337B8 /* Base */,
			);
			path = UI;
			sourceTree = "<group>";
		};
		D41CBCC62860B17A001337B8 /* Base */ = {
			isa = PBXGroup;
			children = (
				D41CBCC72860B185001337B8 /* Coordinator.swift */,
			);
			path = Base;
			sourceTree = "<group>";
		};
		D41CBCC92860B2D1001337B8 /* Application */ = {
			isa = PBXGroup;
			children = (
				D41CBCD62860BA6F001337B8 /* NetworkManager */,
				D41CBC9528608231001337B8 /* AppDelegate.swift */,
				D41CBC9728608231001337B8 /* SceneDelegate.swift */,
				D41CBCCA2860B2DA001337B8 /* Navigation */,
			);
			path = Application;
			sourceTree = "<group>";
		};
		D41CBCCA2860B2DA001337B8 /* Navigation */ = {
			isa = PBXGroup;
			children = (
				D41CBCCB2860B2E6001337B8 /* Coordinator */,
			);
			path = Navigation;
			sourceTree = "<group>";
		};
		D41CBCCB2860B2E6001337B8 /* Coordinator */ = {
			isa = PBXGroup;
			children = (
				D41CBCCC2860B2EC001337B8 /* AppCoordinator.swift */,
			);
			path = Coordinator;
			sourceTree = "<group>";
		};
		D41CBCCE2860B341001337B8 /* Sence */ = {
			isa = PBXGroup;
			children = (
				D41CBCCF2860B34D001337B8 /* Home */,
			);
			path = Sence;
			sourceTree = "<group>";
		};
		D41CBCCF2860B34D001337B8 /* Home */ = {
			isa = PBXGroup;
			children = (
				D41CBCE02860ED29001337B8 /* view */,
				D41CBCD02860B359001337B8 /* HomeCoordinator.swift */,
				D41CBCD22860B438001337B8 /* HomeViewController.swift */,
				D41CBCD42860B45F001337B8 /* HomeViewModel.swift */,
			);
			path = Home;
			sourceTree = "<group>";
		};
		D41CBCD62860BA6F001337B8 /* NetworkManager */ = {
			isa = PBXGroup;
			children = (
				D41CBCD72860BA7D001337B8 /* EndpointOption.swift */,
				D41CBCD92860BAAE001337B8 /* EndpointRoute.swift */,
				D41CBCDB2860BABF001337B8 /* NetworkManager.swift */,
				D41CBCE32860F918001337B8 /* NetworkImageMannager.swift */,
			);
			path = NetworkManager;
			sourceTree = "<group>";
		};
		D41CBCDD2860E51D001337B8 /* Models */ = {
			isa = PBXGroup;
			children = (
				D41CBCDE2860E52C001337B8 /* PhotoList.swift */,
			);
			path = Models;
			sourceTree = "<group>";
		};
		D41CBCE02860ED29001337B8 /* view */ = {
			isa = PBXGroup;
			children = (
				D41CBCE12860ED37001337B8 /* FileListView.swift */,
			);
			path = view;
			sourceTree = "<group>";
		};
		DCA271A1861D683CA33ED501 /* Pods */ = {
			isa = PBXGroup;
			children = (
				6621F519A7B671F52A08234B /* Pods-straiberry.debug.xcconfig */,
				EAE9C8D08C1D2ABDA9C27DDA /* Pods-straiberry.release.xcconfig */,
				F69F55B7D98E7C72A2E2D4A2 /* Pods-straiberry-straiberryUITests.debug.xcconfig */,
				4AFDDD930976253D21E8A969 /* Pods-straiberry-straiberryUITests.release.xcconfig */,
				059D12E464E5D7D23E6A3759 /* Pods-straiberryTests.debug.xcconfig */,
				A50ED68F20E5680571AE8E01 /* Pods-straiberryTests.release.xcconfig */,
			);
			path = Pods;
			sourceTree = "<group>";
		};
/* End PBXGroup section */

/* Begin PBXNativeTarget section */
		D41CBC9128608231001337B8 /* straiberry */ = {
			isa = PBXNativeTarget;
			buildConfigurationList = D41CBCBC28608232001337B8 /* Build configuration list for PBXNativeTarget "straiberry" */;
			buildPhases = (
				BD6A2714C1A1DC718FE01468 /* [CP] Check Pods Manifest.lock */,
				D41CBC8E28608231001337B8 /* Sources */,
				D41CBC8F28608231001337B8 /* Frameworks */,
				D41CBC9028608231001337B8 /* Resources */,
				02DDBF691F7C4856B7BF92F4 /* [CP] Embed Pods Frameworks */,
			);
			buildRules = (
			);
			dependencies = (
			);
			name = straiberry;
			productName = straiberry;
			productReference = D41CBC9228608231001337B8 /* straiberry.app */;
			productType = "com.apple.product-type.application";
		};
		D41CBCA728608232001337B8 /* straiberryTests */ = {
			isa = PBXNativeTarget;
			buildConfigurationList = D41CBCBF28608232001337B8 /* Build configuration list for PBXNativeTarget "straiberryTests" */;
			buildPhases = (
				06EB14CD9B182996D7CDA8AB /* [CP] Check Pods Manifest.lock */,
				D41CBCA428608232001337B8 /* Sources */,
				D41CBCA528608232001337B8 /* Frameworks */,
				D41CBCA628608232001337B8 /* Resources */,
			);
			buildRules = (
			);
			dependencies = (
				D41CBCAA28608232001337B8 /* PBXTargetDependency */,
			);
			name = straiberryTests;
			productName = straiberryTests;
			productReference = D41CBCA828608232001337B8 /* straiberryTests.xctest */;
			productType = "com.apple.product-type.bundle.unit-test";
		};
		D41CBCB128608232001337B8 /* straiberryUITests */ = {
			isa = PBXNativeTarget;
			buildConfigurationList = D41CBCC228608232001337B8 /* Build configuration list for PBXNativeTarget "straiberryUITests" */;
			buildPhases = (
				B3838BBF5FD5DA1CD0325BAD /* [CP] Check Pods Manifest.lock */,
				D41CBCAE28608232001337B8 /* Sources */,
				D41CBCAF28608232001337B8 /* Frameworks */,
				D41CBCB028608232001337B8 /* Resources */,
				C720273456CAE827CED097E4 /* [CP] Embed Pods Frameworks */,
			);
			buildRules = (
			);
			dependencies = (
				D41CBCB428608232001337B8 /* PBXTargetDependency */,
			);
			name = straiberryUITests;
			productName = straiberryUITests;
			productReference = D41CBCB228608232001337B8 /* straiberryUITests.xctest */;
			productType = "com.apple.product-type.bundle.ui-testing";
		};
/* End PBXNativeTarget section */

/* Begin PBXProject section */
		D41CBC8A28608231001337B8 /* Project object */ = {
			isa = PBXProject;
			attributes = {
				BuildIndependentTargetsInParallel = 1;
				LastSwiftUpdateCheck = 1330;
				LastUpgradeCheck = 1330;
				TargetAttributes = {
					D41CBC9128608231001337B8 = {
						CreatedOnToolsVersion = 13.3.1;
					};
					D41CBCA728608232001337B8 = {
						CreatedOnToolsVersion = 13.3.1;
						TestTargetID = D41CBC9128608231001337B8;
					};
					D41CBCB128608232001337B8 = {
						CreatedOnToolsVersion = 13.3.1;
						TestTargetID = D41CBC9128608231001337B8;
					};
				};
			};
			buildConfigurationList = D41CBC8D28608231001337B8 /* Build configuration list for PBXProject "straiberry" */;
			compatibilityVersion = "Xcode 13.0";
			developmentRegion = en;
			hasScannedForEncodings = 0;
			knownRegions = (
				en,
				Base,
			);
			mainGroup = D41CBC8928608231001337B8;
			productRefGroup = D41CBC9328608231001337B8 /* Products */;
			projectDirPath = "";
			projectRoot = "";
			targets = (
				D41CBC9128608231001337B8 /* straiberry */,
				D41CBCA728608232001337B8 /* straiberryTests */,
				D41CBCB128608232001337B8 /* straiberryUITests */,
			);
		};
/* End PBXProject section */

/* Begin PBXResourcesBuildPhase section */
		D41CBC9028608231001337B8 /* Resources */ = {
			isa = PBXResourcesBuildPhase;
			buildActionMask = 2147483647;
			files = (
				D41CBCA228608232001337B8 /* LaunchScreen.storyboard in Resources */,
				D41CBC9F28608232001337B8 /* Assets.xcassets in Resources */,
			);
			runOnlyForDeploymentPostprocessing = 0;
		};
		D41CBCA628608232001337B8 /* Resources */ = {
			isa = PBXResourcesBuildPhase;
			buildActionMask = 2147483647;
			files = (
			);
			runOnlyForDeploymentPostprocessing = 0;
		};
		D41CBCB028608232001337B8 /* Resources */ = {
			isa = PBXResourcesBuildPhase;
			buildActionMask = 2147483647;
			files = (
			);
			runOnlyForDeploymentPostprocessing = 0;
		};
/* End PBXResourcesBuildPhase section */

/* Begin PBXShellScriptBuildPhase section */
		02DDBF691F7C4856B7BF92F4 /* [CP] Embed Pods Frameworks */ = {
			isa = PBXShellScriptBuildPhase;
			buildActionMask = 2147483647;
			files = (
			);
			inputFileListPaths = (
				"${PODS_ROOT}/Target Support Files/Pods-straiberry/Pods-straiberry-frameworks-${CONFIGURATION}-input-files.xcfilelist",
			);
			name = "[CP] Embed Pods Frameworks";
			outputFileListPaths = (
				"${PODS_ROOT}/Target Support Files/Pods-straiberry/Pods-straiberry-frameworks-${CONFIGURATION}-output-files.xcfilelist",
			);
			runOnlyForDeploymentPostprocessing = 0;
			shellPath = /bin/sh;
			shellScript = "\"${PODS_ROOT}/Target Support Files/Pods-straiberry/Pods-straiberry-frameworks.sh\"\n";
			showEnvVarsInLog = 0;
		};
		06EB14CD9B182996D7CDA8AB /* [CP] Check Pods Manifest.lock */ = {
			isa = PBXShellScriptBuildPhase;
			buildActionMask = 2147483647;
			files = (
			);
			inputFileListPaths = (
			);
			inputPaths = (
				"${PODS_PODFILE_DIR_PATH}/Podfile.lock",
				"${PODS_ROOT}/Manifest.lock",
			);
			name = "[CP] Check Pods Manifest.lock";
			outputFileListPaths = (
			);
			outputPaths = (
				"$(DERIVED_FILE_DIR)/Pods-straiberryTests-checkManifestLockResult.txt",
			);
			runOnlyForDeploymentPostprocessing = 0;
			shellPath = /bin/sh;
			shellScript = "diff \"${PODS_PODFILE_DIR_PATH}/Podfile.lock\" \"${PODS_ROOT}/Manifest.lock\" > /dev/null\nif [ $? != 0 ] ; then\n    # print error to STDERR\n    echo \"error: The sandbox is not in sync with the Podfile.lock. Run 'pod install' or update your CocoaPods installation.\" >&2\n    exit 1\nfi\n# This output is used by Xcode 'outputs' to avoid re-running this script phase.\necho \"SUCCESS\" > \"${SCRIPT_OUTPUT_FILE_0}\"\n";
			showEnvVarsInLog = 0;
		};
		B3838BBF5FD5DA1CD0325BAD /* [CP] Check Pods Manifest.lock */ = {
			isa = PBXShellScriptBuildPhase;
			buildActionMask = 2147483647;
			files = (
			);
			inputFileListPaths = (
			);
			inputPaths = (
				"${PODS_PODFILE_DIR_PATH}/Podfile.lock",
				"${PODS_ROOT}/Manifest.lock",
			);
			name = "[CP] Check Pods Manifest.lock";
			outputFileListPaths = (
			);
			outputPaths = (
				"$(DERIVED_FILE_DIR)/Pods-straiberry-straiberryUITests-checkManifestLockResult.txt",
			);
			runOnlyForDeploymentPostprocessing = 0;
			shellPath = /bin/sh;
			shellScript = "diff \"${PODS_PODFILE_DIR_PATH}/Podfile.lock\" \"${PODS_ROOT}/Manifest.lock\" > /dev/null\nif [ $? != 0 ] ; then\n    # print error to STDERR\n    echo \"error: The sandbox is not in sync with the Podfile.lock. Run 'pod install' or update your CocoaPods installation.\" >&2\n    exit 1\nfi\n# This output is used by Xcode 'outputs' to avoid re-running this script phase.\necho \"SUCCESS\" > \"${SCRIPT_OUTPUT_FILE_0}\"\n";
			showEnvVarsInLog = 0;
		};
		BD6A2714C1A1DC718FE01468 /* [CP] Check Pods Manifest.lock */ = {
			isa = PBXShellScriptBuildPhase;
			buildActionMask = 2147483647;
			files = (
			);
			inputFileListPaths = (
			);
			inputPaths = (
				"${PODS_PODFILE_DIR_PATH}/Podfile.lock",
				"${PODS_ROOT}/Manifest.lock",
			);
			name = "[CP] Check Pods Manifest.lock";
			outputFileListPaths = (
			);
			outputPaths = (
				"$(DERIVED_FILE_DIR)/Pods-straiberry-checkManifestLockResult.txt",
			);
			runOnlyForDeploymentPostprocessing = 0;
			shellPath = /bin/sh;
			shellScript = "diff \"${PODS_PODFILE_DIR_PATH}/Podfile.lock\" \"${PODS_ROOT}/Manifest.lock\" > /dev/null\nif [ $? != 0 ] ; then\n    # print error to STDERR\n    echo \"error: The sandbox is not in sync with the Podfile.lock. Run 'pod install' or update your CocoaPods installation.\" >&2\n    exit 1\nfi\n# This output is used by Xcode 'outputs' to avoid re-running this script phase.\necho \"SUCCESS\" > \"${SCRIPT_OUTPUT_FILE_0}\"\n";
			showEnvVarsInLog = 0;
		};
		C720273456CAE827CED097E4 /* [CP] Embed Pods Frameworks */ = {
			isa = PBXShellScriptBuildPhase;
			buildActionMask = 2147483647;
			files = (
			);
			inputFileListPaths = (
				"${PODS_ROOT}/Target Support Files/Pods-straiberry-straiberryUITests/Pods-straiberry-straiberryUITests-frameworks-${CONFIGURATION}-input-files.xcfilelist",
			);
			name = "[CP] Embed Pods Frameworks";
			outputFileListPaths = (
				"${PODS_ROOT}/Target Support Files/Pods-straiberry-straiberryUITests/Pods-straiberry-straiberryUITests-frameworks-${CONFIGURATION}-output-files.xcfilelist",
			);
			runOnlyForDeploymentPostprocessing = 0;
			shellPath = /bin/sh;
			shellScript = "\"${PODS_ROOT}/Target Support Files/Pods-straiberry-straiberryUITests/Pods-straiberry-straiberryUITests-frameworks.sh\"\n";
			showEnvVarsInLog = 0;
		};
/* End PBXShellScriptBuildPhase section */

/* Begin PBXSourcesBuildPhase section */
		D41CBC8E28608231001337B8 /* Sources */ = {
			isa = PBXSourcesBuildPhase;
			buildActionMask = 2147483647;
			files = (
				D41CBCDF2860E52C001337B8 /* PhotoList.swift in Sources */,
				D41CBCE42860F918001337B8 /* NetworkImageMannager.swift in Sources */,
				D41CBCCD2860B2EC001337B8 /* AppCoordinator.swift in Sources */,
				D41CBCD12860B359001337B8 /* HomeCoordinator.swift in Sources */,
				D41CBCDC2860BABF001337B8 /* NetworkManager.swift in Sources */,
				D41CBCD52860B45F001337B8 /* HomeViewModel.swift in Sources */,
				D41CBCC82860B185001337B8 /* Coordinator.swift in Sources */,
				D41CBC9628608231001337B8 /* AppDelegate.swift in Sources */,
				D41CBCDA2860BAAE001337B8 /* EndpointRoute.swift in Sources */,
				D41CBCE22860ED37001337B8 /* FileListView.swift in Sources */,
				D41CBCD82860BA7D001337B8 /* EndpointOption.swift in Sources */,
				D41CBCD32860B438001337B8 /* HomeViewController.swift in Sources */,
				D41CBC9828608231001337B8 /* SceneDelegate.swift in Sources */,
			);
			runOnlyForDeploymentPostprocessing = 0;
		};
		D41CBCA428608232001337B8 /* Sources */ = {
			isa = PBXSourcesBuildPhase;
			buildActionMask = 2147483647;
			files = (
				D41CBCAD28608232001337B8 /* straiberryTests.swift in Sources */,
			);
			runOnlyForDeploymentPostprocessing = 0;
		};
		D41CBCAE28608232001337B8 /* Sources */ = {
			isa = PBXSourcesBuildPhase;
			buildActionMask = 2147483647;
			files = (
				D41CBCB728608232001337B8 /* straiberryUITests.swift in Sources */,
				D41CBCB928608232001337B8 /* straiberryUITestsLaunchTests.swift in Sources */,
			);
			runOnlyForDeploymentPostprocessing = 0;
		};
/* End PBXSourcesBuildPhase section */

/* Begin PBXTargetDependency section */
		D41CBCAA28608232001337B8 /* PBXTargetDependency */ = {
			isa = PBXTargetDependency;
			target = D41CBC9128608231001337B8 /* straiberry */;
			targetProxy = D41CBCA928608232001337B8 /* PBXContainerItemProxy */;
		};
		D41CBCB428608232001337B8 /* PBXTargetDependency */ = {
			isa = PBXTargetDependency;
			target = D41CBC9128608231001337B8 /* straiberry */;
			targetProxy = D41CBCB328608232001337B8 /* PBXContainerItemProxy */;
		};
/* End PBXTargetDependency section */

/* Begin PBXVariantGroup section */
		D41CBCA028608232001337B8 /* LaunchScreen.storyboard */ = {
			isa = PBXVariantGroup;
			children = (
				D41CBCA128608232001337B8 /* Base */,
			);
			name = LaunchScreen.storyboard;
			sourceTree = "<group>";
		};
/* End PBXVariantGroup section */

/* Begin XCBuildConfiguration section */
		D41CBCBA28608232001337B8 /* Debug */ = {
			isa = XCBuildConfiguration;
			buildSettings = {
				ALWAYS_SEARCH_USER_PATHS = NO;
				CLANG_ANALYZER_NONNULL = YES;
				CLANG_ANALYZER_NUMBER_OBJECT_CONVERSION = YES_AGGRESSIVE;
				CLANG_CXX_LANGUAGE_STANDARD = "gnu++17";
				CLANG_ENABLE_MODULES = YES;
				CLANG_ENABLE_OBJC_ARC = YES;
				CLANG_ENABLE_OBJC_WEAK = YES;
				CLANG_WARN_BLOCK_CAPTURE_AUTORELEASING = YES;
				CLANG_WARN_BOOL_CONVERSION = YES;
				CLANG_WARN_COMMA = YES;
				CLANG_WARN_CONSTANT_CONVERSION = YES;
				CLANG_WARN_DEPRECATED_OBJC_IMPLEMENTATIONS = YES;
				CLANG_WARN_DIRECT_OBJC_ISA_USAGE = YES_ERROR;
				CLANG_WARN_DOCUMENTATION_COMMENTS = YES;
				CLANG_WARN_EMPTY_BODY = YES;
				CLANG_WARN_ENUM_CONVERSION = YES;
				CLANG_WARN_INFINITE_RECURSION = YES;
				CLANG_WARN_INT_CONVERSION = YES;
				CLANG_WARN_NON_LITERAL_NULL_CONVERSION = YES;
				CLANG_WARN_OBJC_IMPLICIT_RETAIN_SELF = YES;
				CLANG_WARN_OBJC_LITERAL_CONVERSION = YES;
				CLANG_WARN_OBJC_ROOT_CLASS = YES_ERROR;
				CLANG_WARN_QUOTED_INCLUDE_IN_FRAMEWORK_HEADER = YES;
				CLANG_WARN_RANGE_LOOP_ANALYSIS = YES;
				CLANG_WARN_STRICT_PROTOTYPES = YES;
				CLANG_WARN_SUSPICIOUS_MOVE = YES;
				CLANG_WARN_UNGUARDED_AVAILABILITY = YES_AGGRESSIVE;
				CLANG_WARN_UNREACHABLE_CODE = YES;
				CLANG_WARN__DUPLICATE_METHOD_MATCH = YES;
				COPY_PHASE_STRIP = NO;
				DEBUG_INFORMATION_FORMAT = dwarf;
				ENABLE_STRICT_OBJC_MSGSEND = YES;
				ENABLE_TESTABILITY = YES;
				GCC_C_LANGUAGE_STANDARD = gnu11;
				GCC_DYNAMIC_NO_PIC = NO;
				GCC_NO_COMMON_BLOCKS = YES;
				GCC_OPTIMIZATION_LEVEL = 0;
				GCC_PREPROCESSOR_DEFINITIONS = (
					"DEBUG=1",
					"$(inherited)",
				);
				GCC_WARN_64_TO_32_BIT_CONVERSION = YES;
				GCC_WARN_ABOUT_RETURN_TYPE = YES_ERROR;
				GCC_WARN_UNDECLARED_SELECTOR = YES;
				GCC_WARN_UNINITIALIZED_AUTOS = YES_AGGRESSIVE;
				GCC_WARN_UNUSED_FUNCTION = YES;
				GCC_WARN_UNUSED_VARIABLE = YES;
				IPHONEOS_DEPLOYMENT_TARGET = 15.4;
				MTL_ENABLE_DEBUG_INFO = INCLUDE_SOURCE;
				MTL_FAST_MATH = YES;
				ONLY_ACTIVE_ARCH = YES;
				SDKROOT = iphoneos;
				SWIFT_ACTIVE_COMPILATION_CONDITIONS = DEBUG;
				SWIFT_OPTIMIZATION_LEVEL = "-Onone";
			};
			name = Debug;
		};
		D41CBCBB28608232001337B8 /* Release */ = {
			isa = XCBuildConfiguration;
			buildSettings = {
				ALWAYS_SEARCH_USER_PATHS = NO;
				CLANG_ANALYZER_NONNULL = YES;
				CLANG_ANALYZER_NUMBER_OBJECT_CONVERSION = YES_AGGRESSIVE;
				CLANG_CXX_LANGUAGE_STANDARD = "gnu++17";
				CLANG_ENABLE_MODULES = YES;
				CLANG_ENABLE_OBJC_ARC = YES;
				CLANG_ENABLE_OBJC_WEAK = YES;
				CLANG_WARN_BLOCK_CAPTURE_AUTORELEASING = YES;
				CLANG_WARN_BOOL_CONVERSION = YES;
				CLANG_WARN_COMMA = YES;
				CLANG_WARN_CONSTANT_CONVERSION = YES;
				CLANG_WARN_DEPRECATED_OBJC_IMPLEMENTATIONS = YES;
				CLANG_WARN_DIRECT_OBJC_ISA_USAGE = YES_ERROR;
				CLANG_WARN_DOCUMENTATION_COMMENTS = YES;
				CLANG_WARN_EMPTY_BODY = YES;
				CLANG_WARN_ENUM_CONVERSION = YES;
				CLANG_WARN_INFINITE_RECURSION = YES;
				CLANG_WARN_INT_CONVERSION = YES;
				CLANG_WARN_NON_LITERAL_NULL_CONVERSION = YES;
				CLANG_WARN_OBJC_IMPLICIT_RETAIN_SELF = YES;
				CLANG_WARN_OBJC_LITERAL_CONVERSION = YES;
				CLANG_WARN_OBJC_ROOT_CLASS = YES_ERROR;
				CLANG_WARN_QUOTED_INCLUDE_IN_FRAMEWORK_HEADER = YES;
				CLANG_WARN_RANGE_LOOP_ANALYSIS = YES;
				CLANG_WARN_STRICT_PROTOTYPES = YES;
				CLANG_WARN_SUSPICIOUS_MOVE = YES;
				CLANG_WARN_UNGUARDED_AVAILABILITY = YES_AGGRESSIVE;
				CLANG_WARN_UNREACHABLE_CODE = YES;
				CLANG_WARN__DUPLICATE_METHOD_MATCH = YES;
				COPY_PHASE_STRIP = NO;
				DEBUG_INFORMATION_FORMAT = "dwarf-with-dsym";
				ENABLE_NS_ASSERTIONS = NO;
				ENABLE_STRICT_OBJC_MSGSEND = YES;
				GCC_C_LANGUAGE_STANDARD = gnu11;
				GCC_NO_COMMON_BLOCKS = YES;
				GCC_WARN_64_TO_32_BIT_CONVERSION = YES;
				GCC_WARN_ABOUT_RETURN_TYPE = YES_ERROR;
				GCC_WARN_UNDECLARED_SELECTOR = YES;
				GCC_WARN_UNINITIALIZED_AUTOS = YES_AGGRESSIVE;
				GCC_WARN_UNUSED_FUNCTION = YES;
				GCC_WARN_UNUSED_VARIABLE = YES;
				IPHONEOS_DEPLOYMENT_TARGET = 15.4;
				MTL_ENABLE_DEBUG_INFO = NO;
				MTL_FAST_MATH = YES;
				SDKROOT = iphoneos;
				SWIFT_COMPILATION_MODE = wholemodule;
				SWIFT_OPTIMIZATION_LEVEL = "-O";
				VALIDATE_PRODUCT = YES;
			};
			name = Release;
		};
		D41CBCBD28608232001337B8 /* Debug */ = {
			isa = XCBuildConfiguration;
			baseConfigurationReference = 6621F519A7B671F52A08234B /* Pods-straiberry.debug.xcconfig */;
			buildSettings = {
				ASSETCATALOG_COMPILER_APPICON_NAME = AppIcon;
				ASSETCATALOG_COMPILER_GLOBAL_ACCENT_COLOR_NAME = AccentColor;
				CODE_SIGN_STYLE = Automatic;
				CURRENT_PROJECT_VERSION = 1;
				DEVELOPMENT_TEAM = P8BYSYKW73;
				GENERATE_INFOPLIST_FILE = YES;
				INFOPLIST_FILE = straiberry/Info.plist;
				INFOPLIST_KEY_UIApplicationSupportsIndirectInputEvents = YES;
				INFOPLIST_KEY_UILaunchStoryboardName = LaunchScreen;
				INFOPLIST_KEY_UIMainStoryboardFile = LaunchScreen;
				INFOPLIST_KEY_UISupportedInterfaceOrientations_iPad = "UIInterfaceOrientationPortrait UIInterfaceOrientationPortraitUpsideDown UIInterfaceOrientationLandscapeLeft UIInterfaceOrientationLandscapeRight";
				INFOPLIST_KEY_UISupportedInterfaceOrientations_iPhone = "UIInterfaceOrientationPortrait UIInterfaceOrientationLandscapeLeft UIInterfaceOrientationLandscapeRight";
				LD_RUNPATH_SEARCH_PATHS = (
					"$(inherited)",
					"@executable_path/Frameworks",
				);
				MARKETING_VERSION = 1.0;
				PRODUCT_BUNDLE_IDENTIFIER = com.codelab.straiberry;
				PRODUCT_NAME = "$(TARGET_NAME)";
				SWIFT_EMIT_LOC_STRINGS = YES;
				SWIFT_VERSION = 5.0;
				TARGETED_DEVICE_FAMILY = "1,2";
			};
			name = Debug;
		};
		D41CBCBE28608232001337B8 /* Release */ = {
			isa = XCBuildConfiguration;
			baseConfigurationReference = EAE9C8D08C1D2ABDA9C27DDA /* Pods-straiberry.release.xcconfig */;
			buildSettings = {
				ASSETCATALOG_COMPILER_APPICON_NAME = AppIcon;
				ASSETCATALOG_COMPILER_GLOBAL_ACCENT_COLOR_NAME = AccentColor;
				CODE_SIGN_STYLE = Automatic;
				CURRENT_PROJECT_VERSION = 1;
				DEVELOPMENT_TEAM = P8BYSYKW73;
				GENERATE_INFOPLIST_FILE = YES;
				INFOPLIST_FILE = straiberry/Info.plist;
				INFOPLIST_KEY_UIApplicationSupportsIndirectInputEvents = YES;
				INFOPLIST_KEY_UILaunchStoryboardName = LaunchScreen;
				INFOPLIST_KEY_UIMainStoryboardFile = LaunchScreen;
				INFOPLIST_KEY_UISupportedInterfaceOrientations_iPad = "UIInterfaceOrientationPortrait UIInterfaceOrientationPortraitUpsideDown UIInterfaceOrientationLandscapeLeft UIInterfaceOrientationLandscapeRight";
				INFOPLIST_KEY_UISupportedInterfaceOrientations_iPhone = "UIInterfaceOrientationPortrait UIInterfaceOrientationLandscapeLeft UIInterfaceOrientationLandscapeRight";
				LD_RUNPATH_SEARCH_PATHS = (
					"$(inherited)",
					"@executable_path/Frameworks",
				);
				MARKETING_VERSION = 1.0;
				PRODUCT_BUNDLE_IDENTIFIER = com.codelab.straiberry;
				PRODUCT_NAME = "$(TARGET_NAME)";
				SWIFT_EMIT_LOC_STRINGS = YES;
				SWIFT_VERSION = 5.0;
				TARGETED_DEVICE_FAMILY = "1,2";
			};
			name = Release;
		};
		D41CBCC028608232001337B8 /* Debug */ = {
			isa = XCBuildConfiguration;
			baseConfigurationReference = 059D12E464E5D7D23E6A3759 /* Pods-straiberryTests.debug.xcconfig */;
			buildSettings = {
				ALWAYS_EMBED_SWIFT_STANDARD_LIBRARIES = YES;
				BUNDLE_LOADER = "$(TEST_HOST)";
				CODE_SIGN_STYLE = Automatic;
				CURRENT_PROJECT_VERSION = 1;
				DEVELOPMENT_TEAM = P8BYSYKW73;
				GENERATE_INFOPLIST_FILE = YES;
				IPHONEOS_DEPLOYMENT_TARGET = 15.4;
				MARKETING_VERSION = 1.0;
				PRODUCT_BUNDLE_IDENTIFIER = com.codelab.straiberryTests;
				PRODUCT_NAME = "$(TARGET_NAME)";
				SWIFT_EMIT_LOC_STRINGS = NO;
				SWIFT_VERSION = 5.0;
				TARGETED_DEVICE_FAMILY = "1,2";
				TEST_HOST = "$(BUILT_PRODUCTS_DIR)/straiberry.app/straiberry";
			};
			name = Debug;
		};
		D41CBCC128608232001337B8 /* Release */ = {
			isa = XCBuildConfiguration;
			baseConfigurationReference = A50ED68F20E5680571AE8E01 /* Pods-straiberryTests.release.xcconfig */;
			buildSettings = {
				ALWAYS_EMBED_SWIFT_STANDARD_LIBRARIES = YES;
				BUNDLE_LOADER = "$(TEST_HOST)";
				CODE_SIGN_STYLE = Automatic;
				CURRENT_PROJECT_VERSION = 1;
				DEVELOPMENT_TEAM = P8BYSYKW73;
				GENERATE_INFOPLIST_FILE = YES;
				IPHONEOS_DEPLOYMENT_TARGET = 15.4;
				MARKETING_VERSION = 1.0;
				PRODUCT_BUNDLE_IDENTIFIER = com.codelab.straiberryTests;
				PRODUCT_NAME = "$(TARGET_NAME)";
				SWIFT_EMIT_LOC_STRINGS = NO;
				SWIFT_VERSION = 5.0;
				TARGETED_DEVICE_FAMILY = "1,2";
				TEST_HOST = "$(BUILT_PRODUCTS_DIR)/straiberry.app/straiberry";
			};
			name = Release;
		};
		D41CBCC328608232001337B8 /* Debug */ = {
			isa = XCBuildConfiguration;
			baseConfigurationReference = F69F55B7D98E7C72A2E2D4A2 /* Pods-straiberry-straiberryUITests.debug.xcconfig */;
			buildSettings = {
				ALWAYS_EMBED_SWIFT_STANDARD_LIBRARIES = YES;
				CODE_SIGN_STYLE = Automatic;
				CURRENT_PROJECT_VERSION = 1;
				DEVELOPMENT_TEAM = P8BYSYKW73;
				GENERATE_INFOPLIST_FILE = YES;
				MARKETING_VERSION = 1.0;
				PRODUCT_BUNDLE_IDENTIFIER = com.codelab.straiberryUITests;
				PRODUCT_NAME = "$(TARGET_NAME)";
				SWIFT_EMIT_LOC_STRINGS = NO;
				SWIFT_VERSION = 5.0;
				TARGETED_DEVICE_FAMILY = "1,2";
				TEST_TARGET_NAME = straiberry;
			};
			name = Debug;
		};
		D41CBCC428608232001337B8 /* Release */ = {
			isa = XCBuildConfiguration;
			baseConfigurationReference = 4AFDDD930976253D21E8A969 /* Pods-straiberry-straiberryUITests.release.xcconfig */;
			buildSettings = {
				ALWAYS_EMBED_SWIFT_STANDARD_LIBRARIES = YES;
				CODE_SIGN_STYLE = Automatic;
				CURRENT_PROJECT_VERSION = 1;
				DEVELOPMENT_TEAM = P8BYSYKW73;
				GENERATE_INFOPLIST_FILE = YES;
				MARKETING_VERSION = 1.0;
				PRODUCT_BUNDLE_IDENTIFIER = com.codelab.straiberryUITests;
				PRODUCT_NAME = "$(TARGET_NAME)";
				SWIFT_EMIT_LOC_STRINGS = NO;
				SWIFT_VERSION = 5.0;
				TARGETED_DEVICE_FAMILY = "1,2";
				TEST_TARGET_NAME = straiberry;
			};
			name = Release;
		};
/* End XCBuildConfiguration section */

/* Begin XCConfigurationList section */
		D41CBC8D28608231001337B8 /* Build configuration list for PBXProject "straiberry" */ = {
			isa = XCConfigurationList;
			buildConfigurations = (
				D41CBCBA28608232001337B8 /* Debug */,
				D41CBCBB28608232001337B8 /* Release */,
			);
			defaultConfigurationIsVisible = 0;
			defaultConfigurationName = Release;
		};
		D41CBCBC28608232001337B8 /* Build configuration list for PBXNativeTarget "straiberry" */ = {
			isa = XCConfigurationList;
			buildConfigurations = (
				D41CBCBD28608232001337B8 /* Debug */,
				D41CBCBE28608232001337B8 /* Release */,
			);
			defaultConfigurationIsVisible = 0;
			defaultConfigurationName = Release;
		};
		D41CBCBF28608232001337B8 /* Build configuration list for PBXNativeTarget "straiberryTests" */ = {
			isa = XCConfigurationList;
			buildConfigurations = (
				D41CBCC028608232001337B8 /* Debug */,
				D41CBCC128608232001337B8 /* Release */,
			);
			defaultConfigurationIsVisible = 0;
			defaultConfigurationName = Release;
		};
		D41CBCC228608232001337B8 /* Build configuration list for PBXNativeTarget "straiberryUITests" */ = {
			isa = XCConfigurationList;
			buildConfigurations = (
				D41CBCC328608232001337B8 /* Debug */,
				D41CBCC428608232001337B8 /* Release */,
			);
			defaultConfigurationIsVisible = 0;
			defaultConfigurationName = Release;
		};
/* End XCConfigurationList section */
	};
	rootObject = D41CBC8A28608231001337B8 /* Project object */;
}
